
Microsoft Visual Studio Solution File, Format Version 12.00
# Visual Studio Version 17
VisualStudioVersion = 17.0.31903.59
MinimumVisualStudioVersion = 10.0.40219.1
Project("{FAE04EC0-301F-11D3-BF4B-00C04F79EFBC}") = "API", "API\API.csproj", "{C1DB797F-5503-48E0-B017-9F5E665B06B0}"
EndProject
Project("{FAE04EC0-301F-11D3-BF4B-00C04F79EFBC}") = "Infrastructure", "Infrastructure\Infrastructure.csproj", "{240FE5C1-6D4E-4E6C-A6A4-8F33B889EA14}"
EndProject
Project("{FAE04EC0-301F-11D3-BF4B-00C04F79EFBC}") = "Core", "Core\Core.csproj", "{F37E8D97-1C98-4E76-9344-7ED073788EDF}"
EndProject
Global
	GlobalSection(SolutionConfigurationPlatforms) = preSolution
		Debug|Any CPU = Debug|Any CPU
		Release|Any CPU = Release|Any CPU
	EndGlobalSection
	GlobalSection(SolutionProperties) = preSolution
		HideSolutionNode = FALSE
	EndGlobalSection
	GlobalSection(ProjectConfigurationPlatforms) = postSolution
		{C1DB797F-5503-48E0-B017-9F5E665B06B0}.Debug|Any CPU.ActiveCfg = Debug|Any CPU
		{C1DB797F-5503-48E0-B017-9F5E665B06B0}.Debug|Any CPU.Build.0 = Debug|Any CPU
		{C1DB797F-5503-48E0-B017-9F5E665B06B0}.Release|Any CPU.ActiveCfg = Release|Any CPU
		{C1DB797F-5503-48E0-B017-9F5E665B06B0}.Release|Any CPU.Build.0 = Release|Any CPU
		{240FE5C1-6D4E-4E6C-A6A4-8F33B889EA14}.Debug|Any CPU.ActiveCfg = Debug|Any CPU
		{240FE5C1-6D4E-4E6C-A6A4-8F33B889EA14}.Debug|Any CPU.Build.0 = Debug|Any CPU
		{240FE5C1-6D4E-4E6C-A6A4-8F33B889EA14}.Release|Any CPU.ActiveCfg = Release|Any CPU
		{240FE5C1-6D4E-4E6C-A6A4-8F33B889EA14}.Release|Any CPU.Build.0 = Release|Any CPU
		{F37E8D97-1C98-4E76-9344-7ED073788EDF}.Debug|Any CPU.ActiveCfg = Debug|Any CPU
		{F37E8D97-1C98-4E76-9344-7ED073788EDF}.Debug|Any CPU.Build.0 = Debug|Any CPU
		{F37E8D97-1C98-4E76-9344-7ED073788EDF}.Release|Any CPU.ActiveCfg = Release|Any CPU
		{F37E8D97-1C98-4E76-9344-7ED073788EDF}.Release|Any CPU.Build.0 = Release|Any CPU
	EndGlobalSection
EndGlobal
